<Solution>
  <Folder Name="/Task0/">
    <Project Path="Tyuiu.SadykovSV.Sprint1.Task0.V13.Lib/Tyuiu.SadykovSV.Sprint1.Task0.V13.Lib.csproj" Id="bb95d623-7472-4c02-bcb2-d44c4ccf6b1f" />
    <Project Path="Tyuiu.SadykovSV.Sprint1.Task0.V13.Test/Tyuiu.SadykovSV.Sprint1.Task0.V13.Test.csproj" Id="0af234b1-c748-4c9d-97ab-c1792469cc95" />
    <Project Path="Tyuiu.SadykovSV.Sprint1.Task0.V13/Tyuiu.SadykovSV.Sprint1.Task0.V13.csproj" Id="91359512-01b7-49f5-b3bd-7a3456e6ba37" />
  </Folder>
  <Folder Name="/Task1/">
    <Project Path="Tyuiu.SadykovSV.Sprint1.Task1.V19.Lib/Tyuiu.SadykovSV.Sprint1.Task1.V19.Lib.csproj" Id="1fec5e87-8577-4b18-9166-21d1207d4997" />
    <Project Path="Tyuiu.SadykovSV.Sprint1.Task1.V19.Test/Tyuiu.SadykovSV.Sprint1.Task1.V19.Test.csproj" Id="713dc2f3-72f7-4110-813a-43f8ff84f06a" />
    <Project Path="Tyuiu.SadykovSV.Sprint1.Task1.V19/Tyuiu.SadykovSV.Sprint1.Task1.V19.csproj" Id="0ea95432-5dd2-44c5-8110-7b14aa948f67" />
  </Folder>
  <Folder Name="/Task2/">
    <Project Path="Tyuiu.SadykovSV.Sprint1.Task2.V8.Lib/Tyuiu.SadykovSV.Sprint1.Task2.V8.Lib.csproj" Id="ed36d57d-37bf-49c4-af81-300b0f5578bb" />
    <Project Path="Tyuiu.SadykovSV.Sprint1.Task2.V8.Test/Tyuiu.SadykovSV.Sprint1.Task2.V8.Test.csproj" Id="ef076714-3688-4b21-8cf3-b2f46fd1fc49" />
    <Project Path="Tyuiu.SadykovSV.Sprint1.Task2.V8/Tyuiu.SadykovSV.Sprint1.Task2.V8.csproj" Id="413439ca-18da-4bd6-8f81-130f94f2ca51" />
  </Folder>
  <Folder Name="/Task3/">
    <Project Path="Tyuiu.SadykovSV.Sprint1.Task3.V9.Lib/Tyuiu.SadykovSV.Sprint1.Task3.V9.Lib.csproj" Id="fb44f6a1-fb3b-425f-8cb6-a0c71a8464c4" />
    <Project Path="Tyuiu.SadykovSV.Sprint1.Task3.V9.Test/Tyuiu.SadykovSV.Sprint1.Task3.V9.Test.csproj" Id="b7c42ad5-7bb6-4819-b86b-71443cee108a" />
    <Project Path="Tyuiu.SadykovSV.Sprint1.Task3.V9/Tyuiu.SadykovSV.Sprint1.Task3.V9.csproj" Id="1de22dbc-6637-4675-bd0c-4c161b454e7e" />
  </Folder>
</Solution>
